# THIS IS AN AUTOGENERATED FILE. DO NOT EDIT THIS FILE DIRECTLY.
# yarn lockfile v1


"@abp/aspnetcore.mvc.ui.theme.leptonxlite@~4.1.1":
  version "4.1.2"
  resolved "https://registry.yarnpkg.com/@abp/aspnetcore.mvc.ui.theme.leptonxlite/-/aspnetcore.mvc.ui.theme.leptonxlite-4.1.2.tgz#4e518f565b24cc0b8a0330cb7876066c119c9d64"
  integrity sha512-24fdKoLDiHUgnH2/gkTHhzTaI2roTztWCKml0Mg9m+IOPxcYD9BIBy+w+2mBWN/WiM0xNg8Xy+aVMLsu7/1bZw==
  dependencies:
    "@abp/aspnetcore.mvc.ui.theme.shared" "~9.1.2"

"@abp/aspnetcore.mvc.ui.theme.shared@~9.1.2":
  version "9.1.2"
  resolved "https://registry.yarnpkg.com/@abp/aspnetcore.mvc.ui.theme.shared/-/aspnetcore.mvc.ui.theme.shared-9.1.2.tgz#281f5bb36083353fd74d20a0e1797f3e240d14cf"
  integrity sha512-e5oypCFwKoJyJOFG6V83i7D7HfguBTOY/IXQ36m7dInlgKpqY9o3yJZqfVWjtopX78dOLbisvqua+h80AUpTdQ==
  dependencies:
    "@abp/aspnetcore.mvc.ui" "~9.1.2"
    "@abp/bootstrap" "~9.1.2"
    "@abp/bootstrap-datepicker" "~9.1.2"
    "@abp/bootstrap-daterangepicker" "~9.1.2"
    "@abp/datatables.net-bs5" "~9.1.2"
    "@abp/font-awesome" "~9.1.2"
    "@abp/jquery-form" "~9.1.2"
    "@abp/jquery-validation-unobtrusive" "~9.1.2"
    "@abp/lodash" "~9.1.2"
    "@abp/luxon" "~9.1.2"
    "@abp/malihu-custom-scrollbar-plugin" "~9.1.2"
    "@abp/moment" "~9.1.2"
    "@abp/select2" "~9.1.2"
    "@abp/sweetalert2" "~9.1.2"
    "@abp/timeago" "~9.1.2"
    "@abp/toastr" "~9.1.2"

"@abp/aspnetcore.mvc.ui@~9.1.2":
  version "9.1.2"
  resolved "https://registry.yarnpkg.com/@abp/aspnetcore.mvc.ui/-/aspnetcore.mvc.ui-9.1.2.tgz#2bfcce51573b6860800d969a93523a5520d86823"
  integrity sha512-XXoMrEj4cP+jUIZdyF6ElHggbpPeqw9mk1HLlr1CCSRcCOo9jlHI9+WFKxP+VvHnfMLeSCADR6Cn4Gal7YRvbQ==
  dependencies:
    ansi-colors "^4.1.3"

"@abp/bootstrap-datepicker@~9.1.2":
  version "9.1.2"
  resolved "https://registry.yarnpkg.com/@abp/bootstrap-datepicker/-/bootstrap-datepicker-9.1.2.tgz#f17e4de1eca5000a3f87914f85ef831c1e208031"
  integrity sha512-DEHzUHA0X6cAV49Rz0tANDxXjxW5LK8R3xVoccqs6sZtFfp/oq5ayTmqIHLSJWRtvh1omZZ3wG3eenatZ93CGQ==
  dependencies:
    bootstrap-datepicker "^1.10.0"

"@abp/bootstrap-daterangepicker@~9.1.2":
  version "9.1.2"
  resolved "https://registry.yarnpkg.com/@abp/bootstrap-daterangepicker/-/bootstrap-daterangepicker-9.1.2.tgz#8aeb6eb76bdef69699ecbd59861ff3003f69a955"
  integrity sha512-ZOeMGE129Zk+6VvyjBIN+jqowf6e7qk06YeT8PLhiPTMgQDh1A95pPJwkxdEGYwS5yvLpc5BulrpXPtMtIic+w==
  dependencies:
    bootstrap-daterangepicker "^3.1.0"

"@abp/bootstrap@~9.1.2":
  version "9.1.2"
  resolved "https://registry.yarnpkg.com/@abp/bootstrap/-/bootstrap-9.1.2.tgz#f6d6e46f47012e67a80fcae6748b83444a473f3f"
  integrity sha512-wMa3e26U3fg6HSBR/3VdFfY01tYqWNuXPIL70kjeLK/IlWqEVdxTv14aYWV6GDo4fGlToUL+N6v86srM/SaNfg==
  dependencies:
    "@abp/core" "~9.1.2"
    bootstrap "^5.3.3"

"@abp/core@~9.1.2":
  version "9.1.2"
  resolved "https://registry.yarnpkg.com/@abp/core/-/core-9.1.2.tgz#8da4349031cec2f3030e683223bec5a2d5cada40"
  integrity sha512-5K3B+gli0O7mgb5BprHOAg6cXGvQXBPv+P38XTJkduBZtoXRkNCOqNNuGQa2JAC0qtkSRp3eadzyQR5s/pP3HA==
  dependencies:
    "@abp/utils" "~9.1.2"

"@abp/datatables.net-bs5@~9.1.2":
  version "9.1.2"
  resolved "https://registry.yarnpkg.com/@abp/datatables.net-bs5/-/datatables.net-bs5-9.1.2.tgz#6498c3cfde023b9b6834a339335a06f4ea82afd6"
  integrity sha512-u02Hp+D6akXJn0QSdsrUWCnhV7kyEVGnOXi0cChhF+NvWif++gD/P5wwvWQgWyzwBT6eY/8QRLK07qr5PQx9bQ==
  dependencies:
    "@abp/datatables.net" "~9.1.2"
    datatables.net-bs5 "^2.1.8"

"@abp/datatables.net@~9.1.2":
  version "9.1.2"
  resolved "https://registry.yarnpkg.com/@abp/datatables.net/-/datatables.net-9.1.2.tgz#c28fe803ff0914d575dc56e7da048e18a006945c"
  integrity sha512-4IePYgEq1oHj4mpEFpfaK9ZVDuAufpId4Lc/WewlZ1oHvjE4tAdPXB7tmhY1T3+h4FvEvfhhKDVSkkXZEyvltA==
  dependencies:
    "@abp/jquery" "~9.1.2"
    datatables.net "^2.1.8"

"@abp/font-awesome@~9.1.2":
  version "9.1.2"
  resolved "https://registry.yarnpkg.com/@abp/font-awesome/-/font-awesome-9.1.2.tgz#2c7d60577ee3609f79156c86aa00a3890deb3488"
  integrity sha512-fdLc9mqc5jm1iGnDdEj/KUN63V4N9dV7K5T3oaPDrWFJFY4jcgwQPxND6fUbei1RJLfNp23CcHvyEZ4Com3pXQ==
  dependencies:
    "@abp/core" "~9.1.2"
    "@fortawesome/fontawesome-free" "^6.6.0"

"@abp/jquery-form@~9.1.2":
  version "9.1.2"
  resolved "https://registry.yarnpkg.com/@abp/jquery-form/-/jquery-form-9.1.2.tgz#d7fee098e36f52349e1009bc39b15b146feb4599"
  integrity sha512-acrjc7B3AujnTEYu3FyyEks2Q3D1W8nlcxPZAzTWcU3hDjWEEbzRUVKT/TreSAAO7avQGOLb30sfRCoaCydifg==
  dependencies:
    "@abp/jquery" "~9.1.2"
    jquery-form "^4.3.0"

"@abp/jquery-validation-unobtrusive@~9.1.2":
  version "9.1.2"
  resolved "https://registry.yarnpkg.com/@abp/jquery-validation-unobtrusive/-/jquery-validation-unobtrusive-9.1.2.tgz#1eb420978ac92d172f46677cf81353e06a9e351b"
  integrity sha512-iy4SAK3hdOrKLtwdDeWvorvMmYIr1LSZzizX37wPskHs3hOgRpHe9OiFM0mQQ7oXzsn9pDTLppt9J5wFba0G0Q==
  dependencies:
    "@abp/jquery-validation" "~9.1.2"
    jquery-validation-unobtrusive "^4.0.0"

"@abp/jquery-validation@~9.1.2":
  version "9.1.2"
  resolved "https://registry.yarnpkg.com/@abp/jquery-validation/-/jquery-validation-9.1.2.tgz#d00748fdd2f4c163bed742654a2a38df55a9d258"
  integrity sha512-YVrCE1uTvEllSt5vM0AP8sRJjVpRzV6c9poXDueykACI7KRkK2m/GQZ8LB6+asYsdSSe4/3ecmnrUaDQEnMH+w==
  dependencies:
    "@abp/jquery" "~9.1.2"
    jquery-validation "^1.21.0"

"@abp/jquery@~9.1.2":
  version "9.1.2"
  resolved "https://registry.yarnpkg.com/@abp/jquery/-/jquery-9.1.2.tgz#921ee3950cf8f8aff31068f3bad577dcf1da3faa"
  integrity sha512-x3JhrbM6XEPvA0DWwFkEs9U5AD2O5ZvSpdL7Fd+iGWuIAjtpYQx6RhM9BlnTISE+buldibSob7euGL5trtUD5g==
  dependencies:
    "@abp/core" "~9.1.2"
    jquery "~3.7.1"

"@abp/lodash@~9.1.2":
  version "9.1.2"
  resolved "https://registry.yarnpkg.com/@abp/lodash/-/lodash-9.1.2.tgz#39f2d8d3ac7a9ee9381559a52d0af23e04f5ea70"
  integrity sha512-DLeG2lMavFcDp7B7Al5tBF+QVL8ByZsOBL8qfbIDElECmhfny9jwBSFCCaVHBbOlrKH7Q2XA0sPn35MGfXPztA==
  dependencies:
    "@abp/core" "~9.1.2"
    lodash "^4.17.21"

"@abp/luxon@~9.1.2":
  version "9.1.2"
  resolved "https://registry.yarnpkg.com/@abp/luxon/-/luxon-9.1.2.tgz#82d4bd05402c2b51debc98f960c3c8f9409f576a"
  integrity sha512-JaBYUce5t0NNN0IbfrCfRum8JugzCbfdDL6B7IQf3TwJZzubbxIf3aNjmLNBbxbDhWG/oyRlzPLOpQY0c/aOOA==
  dependencies:
    "@abp/core" "~9.1.2"
    luxon "^3.5.0"

"@abp/malihu-custom-scrollbar-plugin@~9.1.2":
  version "9.1.2"
  resolved "https://registry.yarnpkg.com/@abp/malihu-custom-scrollbar-plugin/-/malihu-custom-scrollbar-plugin-9.1.2.tgz#41f31d729878caa361d49bb41583515daef2a64e"
  integrity sha512-lnsj8fDQh70XVTM0Oso0CM0lLBK2ZFdnGg8o1DBpXWQ/qhdD/uMXeLygbtPQV9x6rlLxyRKcy0ymfBhf+1emfQ==
  dependencies:
    "@abp/core" "~9.1.2"
    malihu-custom-scrollbar-plugin "^3.1.5"

"@abp/moment@~9.1.2":
  version "9.1.2"
  resolved "https://registry.yarnpkg.com/@abp/moment/-/moment-9.1.2.tgz#8e023ec23cf0aea97079ef436c6b006da9f5c987"
  integrity sha512-1F3wL9Y0BGtg4RVXl8io8h2JP7rInYApJhBlrmWQf+JKe9gRjIncQ2n4VxkkU60IQEuqPF6L5odmSQI71uktxA==
  dependencies:
    moment "^2.30.1"

"@abp/select2@~9.1.2":
  version "9.1.2"
  resolved "https://registry.yarnpkg.com/@abp/select2/-/select2-9.1.2.tgz#3d23fe82e1ef853317869c8ba2af2028ecfd8323"
  integrity sha512-PzqdCJ3DBmplqNjTxLyrfK58h15pEFYHYT0ZY6WahvTQCwkdJNovbnOi3Z3C9mWC04M8pqpSqq3X9e1hSrY4rg==
  dependencies:
    "@abp/core" "~9.1.2"
    select2 "^4.0.13"

"@abp/sweetalert2@~9.1.2":
  version "9.1.2"
  resolved "https://registry.yarnpkg.com/@abp/sweetalert2/-/sweetalert2-9.1.2.tgz#8e968f9466f78951155eb514a920c24b0f0849da"
  integrity sha512-hBW5ILq0wVy/LRfO/OPhkVwPl0S44loc3pjfKYaCCtYDPMPM6GpsoXz/9/fF4asOBEm+kdWkyRUoYCpbTKc23A==
  dependencies:
    "@abp/core" "~9.1.2"
    sweetalert2 "^11.14.1"

"@abp/timeago@~9.1.2":
  version "9.1.2"
  resolved "https://registry.yarnpkg.com/@abp/timeago/-/timeago-9.1.2.tgz#07301bc03f528201dde47cd92096885b19168d6b"
  integrity sha512-8r418hV5OgNmpwAbFV+/bKefQuVb97sc+oMQj/ABmTwr62777FyRXpJot5bJ2XMasz6xUa3OIvXHkfG+naHSRg==
  dependencies:
    "@abp/jquery" "~9.1.2"
    timeago "^1.6.7"

"@abp/toastr@~9.1.2":
  version "9.1.2"
  resolved "https://registry.yarnpkg.com/@abp/toastr/-/toastr-9.1.2.tgz#ba300a5c1fd8088e44e37dab92ab6a5b44dcebac"
  integrity sha512-xh1P3+y68YJRBRfgLEeyZujl19D5OmIGCUNzyvLu+YCQoNrrRbuh+hym+JxWADv9ztbMWFKlafJIczHW5iaqfw==
  dependencies:
    "@abp/jquery" "~9.1.2"
    toastr "^2.1.4"

"@abp/utils@~9.1.2":
  version "9.1.2"
  resolved "https://registry.yarnpkg.com/@abp/utils/-/utils-9.1.2.tgz#541c4310b3a34f8f47c92d28e1a499c020ef54cf"
  integrity sha512-Z7h4+/IRPvHBi5cMger8Ei5MNK5GFZiuP5AO26pxW5ugaG+MRzhW8iVsm0nghQbl4nvXlw2OxwRGRkkMNF+Y8w==
  dependencies:
    just-compare "^2.3.0"

"@fortawesome/fontawesome-free@^6.6.0":
  version "6.7.2"
  resolved "https://registry.yarnpkg.com/@fortawesome/fontawesome-free/-/fontawesome-free-6.7.2.tgz#8249de9b7e22fcb3ceb5e66090c30a1d5492b81a"
  integrity sha512-JUOtgFW6k9u4Y+xeIaEiLr3+cjoUPiAuLXoyKOJSia6Duzb7pq+A76P9ZdPDoAoxHdHzq6gE9/jKBGXlZT8FbA==

ansi-colors@^4.1.3:
  version "4.1.3"
  resolved "https://registry.yarnpkg.com/ansi-colors/-/ansi-colors-4.1.3.tgz#37611340eb2243e70cc604cad35d63270d48781b"
  integrity sha512-/6w/C21Pm1A7aZitlI5Ni/2J6FFQN8i1Cvz3kHABAAbw93v/NlvKdVOqz7CCWz/3iv/JplRSEEZ83XION15ovw==

bootstrap-datepicker@^1.10.0:
  version "1.10.0"
  resolved "https://registry.yarnpkg.com/bootstrap-datepicker/-/bootstrap-datepicker-1.10.0.tgz#61612bbe8bf0a69a5bce32bbcdda93ebb6ccf24a"
  integrity sha512-lWxtSYddAQOpbAO8UhYhHLcK6425eWoSjb5JDvZU3ePHEPF6A3eUr51WKaFy4PccU19JRxUG6wEU3KdhtKfvpg==
  dependencies:
    jquery ">=3.4.0 <4.0.0"

bootstrap-daterangepicker@^3.1.0:
  version "3.1.0"
  resolved "https://registry.yarnpkg.com/bootstrap-daterangepicker/-/bootstrap-daterangepicker-3.1.0.tgz#632e6fb2de4b6360c5c0a9d5f6adb9aace051fe8"
  integrity sha512-oaQZx6ZBDo/dZNyXGVi2rx5GmFXThyQLAxdtIqjtLlYVaQUfQALl5JZMJJZzyDIX7blfy4ppZPAJ10g8Ma4d/g==
  dependencies:
    jquery ">=1.10"
    moment "^2.9.0"

bootstrap@^5.3.3:
  version "5.3.6"
  resolved "https://registry.yarnpkg.com/bootstrap/-/bootstrap-5.3.6.tgz#fbd91ebaff093f5b191a1c01a8c866d24f9fa6e1"
  integrity sha512-jX0GAcRzvdwISuvArXn3m7KZscWWFAf1MKBcnzaN02qWMb3jpMoUX4/qgeiGzqyIb4ojulRzs89UCUmGcFSzTA==

datatables.net-bs5@^2.1.8:
  version "2.3.0"
  resolved "https://registry.yarnpkg.com/datatables.net-bs5/-/datatables.net-bs5-2.3.0.tgz#36344ee116d8ad644476d47974eb7b26cfe256e5"
  integrity sha512-JvcYrf2kEVzHY7NKsJxV132kehhc5+iRIpZAYmYqSW52yCcMiQYWtw1Z4+Wb/FMbJDQwP9exCtTwroLYPKwkeQ==
  dependencies:
    datatables.net "2.3.0"
    jquery ">=1.7"

datatables.net@2.3.0, datatables.net@^2.1.8:
  version "2.3.0"
  resolved "https://registry.yarnpkg.com/datatables.net/-/datatables.net-2.3.0.tgz#2d9a040dbbf03b8fe6afb6134f57a94fa7744982"
  integrity sha512-IX5Dsc7bTNqI3RyT4B7imtFicLMCg7ZLwwx/gvR6cbwYgfG+mLX2KAVm7BNmnwOhUdMMcGSGSE19RpTn31TTGQ==
  dependencies:
    jquery ">=1.7"

jquery-form@^4.3.0:
  version "4.3.0"
  resolved "https://registry.yarnpkg.com/jquery-form/-/jquery-form-4.3.0.tgz#7d3961c314a1f2d15298f4af1d3943f54f4149c6"
  integrity sha512-q3uaVCEWdLOYUCI6dpNdwf/7cJFOsUgdpq6r0taxtGQ5NJSkOzofyWm4jpOuJ5YxdmL1FI5QR+q+HB63HHLGnQ==
  dependencies:
    jquery ">=1.7.2"

jquery-mousewheel@>=3.0.6:
  version "3.2.2"
  resolved "https://registry.yarnpkg.com/jquery-mousewheel/-/jquery-mousewheel-3.2.2.tgz#48c833f6260ee0c46d438a999e7d0060ec9eed0b"
  integrity sha512-JP71xTAg08ZY3hcs9ZbYUZ5i+dkSsz4yRl/zpWkAmtzc+kMs5EfPkpkINSidiLYMaR0MTo3DfFGF9WIezMsFQQ==
  dependencies:
    jquery ">=1.2.6"

jquery-validation-unobtrusive@^4.0.0:
  version "4.0.0"
  resolved "https://registry.yarnpkg.com/jquery-validation-unobtrusive/-/jquery-validation-unobtrusive-4.0.0.tgz#dfcf25a558496a2c883db6021d10f5398d15f99d"
  integrity sha512-1ervYFFv6LX/rp7ktuLnMakHNG0piNRDyROI8Ir3hL1vPIwylAehB1AY3BPrYJnzW3WmwWryZq+Bz4sazZK9iQ==
  dependencies:
    jquery "^3.6.0"
    jquery-validation ">=1.19"

jquery-validation@>=1.19, jquery-validation@^1.21.0:
  version "1.21.0"
  resolved "https://registry.yarnpkg.com/jquery-validation/-/jquery-validation-1.21.0.tgz#78fc05ab76020912a246af3661b3f54a438bca93"
  integrity sha512-xNot0rlUIgu7duMcQ5qb6MGkGL/Z1PQaRJQoZAURW9+a/2PGOUxY36o/WyNeP2T9R6jvWB8Z9lUVvvQWI/Zs5w==

jquery@>=1.10, jquery@>=1.12.0, jquery@>=1.2.6, "jquery@>=1.5.0 <4.0", jquery@>=1.7, jquery@>=1.7.2, "jquery@>=3.4.0 <4.0.0", jquery@^3.6.0, jquery@~3.7.1:
  version "3.7.1"
  resolved "https://registry.yarnpkg.com/jquery/-/jquery-3.7.1.tgz#083ef98927c9a6a74d05a6af02806566d16274de"
  integrity sha512-m4avr8yL8kmFN8psrbFFFmB/If14iN5o9nw/NgnnM+kybDJpRsAynV2BsfpTYrTRysYUdADVD7CkUUizgkpLfg==

just-compare@^2.3.0:
  version "2.3.0"
  resolved "https://registry.yarnpkg.com/just-compare/-/just-compare-2.3.0.tgz#a2adcc1d1940536263275f5a1ef1298bcacfeda7"
  integrity sha512-6shoR7HDT+fzfL3gBahx1jZG3hWLrhPAf+l7nCwahDdT9XDtosB9kIF0ZrzUp5QY8dJWfQVr5rnsPqsbvflDzg==

lodash@^4.17.21:
  version "4.17.21"
  resolved "https://registry.yarnpkg.com/lodash/-/lodash-4.17.21.tgz#679591c564c3bffaae8454cf0b3df370c3d6911c"
  integrity sha512-v2kDEe57lecTulaDIuNTPy3Ry4gLGJ6Z1O3vE1krgXZNrsQ+LFTGHVxVjcXPs17LhbZVGedAJv8XZ1tvj5FvSg==

luxon@^3.5.0:
  version "3.6.1"
  resolved "https://registry.yarnpkg.com/luxon/-/luxon-3.6.1.tgz#d283ffc4c0076cb0db7885ec6da1c49ba97e47b0"
  integrity sha512-tJLxrKJhO2ukZ5z0gyjY1zPh3Rh88Ej9P7jNrZiHMUXHae1yvI2imgOZtL1TO8TW6biMMKfTtAOoEJANgtWBMQ==

malihu-custom-scrollbar-plugin@^3.1.5:
  version "3.1.5"
  resolved "https://registry.yarnpkg.com/malihu-custom-scrollbar-plugin/-/malihu-custom-scrollbar-plugin-3.1.5.tgz#310cecc5e59415a1c29e9dfb5d2b6e01d66a29ef"
  integrity sha512-lwW3LgI+CNDMPnP4ED2la6oYxWMkCXlnhex+s2wuOLhFDFGnGmQuTQVdRK9bvDLpxs10sGlfErVufJy9ztfgJQ==
  dependencies:
    jquery-mousewheel ">=3.0.6"

moment@^2.30.1, moment@^2.9.0:
  version "2.30.1"
  resolved "https://registry.yarnpkg.com/moment/-/moment-2.30.1.tgz#f8c91c07b7a786e30c59926df530b4eac96974ae"
  integrity sha512-uEmtNhbDOrWPFS+hdjFCBfy9f2YoyzRpwcl+DqpC6taX21FzsTLQVbMV/W7PzNSX6x/bhC1zA3c2UQ5NzH6how==

select2@^4.0.13:
  version "4.0.13"
  resolved "https://registry.yarnpkg.com/select2/-/select2-4.0.13.tgz#0dbe377df3f96167c4c1626033e924372d8ef44d"
  integrity sha512-1JeB87s6oN/TDxQQYCvS5EFoQyvV6eYMZZ0AeA4tdFDYWN3BAGZ8npr17UBFddU0lgAt3H0yjX3X6/ekOj1yjw==

sweetalert2@^11.14.1:
  version "11.21.0"
  resolved "https://registry.yarnpkg.com/sweetalert2/-/sweetalert2-11.21.0.tgz#afb4d9abd8d15446788671552f2b52e7eafdccbf"
  integrity sha512-fiEK7SqRY/QD/wC2uqEHlfYGZ7qe2UcyQbJpbpj4YRVqplBgcI+euPZLZL+evLINcvbtXmL1SFUdZHKqBHGAAQ==

timeago@^1.6.7:
  version "1.6.7"
  resolved "https://registry.yarnpkg.com/timeago/-/timeago-1.6.7.tgz#afd467c29a911e697fc22a81888c7c3022783cb5"
  integrity sha512-FikcjN98+ij0siKH4VO4dZ358PR3oDDq4Vdl1+sN9gWz1/+JXGr3uZbUShYH/hL7bMhcTpPbplJU5Tej4b4jbQ==
  dependencies:
    jquery ">=1.5.0 <4.0"

toastr@^2.1.4:
  version "2.1.4"
  resolved "https://registry.yarnpkg.com/toastr/-/toastr-2.1.4.tgz#8b43be64fb9d0c414871446f2db8e8ca4e95f181"
  integrity sha512-LIy77F5n+sz4tefMmFOntcJ6HL0Fv3k1TDnNmFZ0bU/GcvIIfy6eG2v7zQmMiYgaalAiUv75ttFrPn5s0gyqlA==
  dependencies:
    jquery ">=1.12.0"
